
Microsoft Visual Studio Solution File, Format Version 12.00
# Visual Studio 15
VisualStudioVersion = 15.0.26124.0
MinimumVisualStudioVersion = 15.0.26124.0
Project("{2150E333-8FDC-42A3-9474-1A3956D46DE8}") = "src", "src", "{40CDF330-0E83-47BD-9428-7A2F72A5A5CD}"
EndProject
Project("{FAE04EC0-301F-11D3-BF4B-00C04F79EFBC}") = "WebWallet.WebApi", "src\WebWallet.WebApi\WebWallet.WebApi.csproj", "{CB232F9A-0E5E-4DE9-BB47-636650AA66D0}"
EndProject
Project("{FAE04EC0-301F-11D3-BF4B-00C04F79EFBC}") = "WebWallet.DataAccess", "src\WebWallet.DataAccess\WebWallet.DataAccess.csproj", "{D34A61E6-3783-42A0-944C-8404E89178C7}"
EndProject
Project("{FAE04EC0-301F-11D3-BF4B-00C04F79EFBC}") = "WebWallet.Domain", "src\WebWallet.Domain\WebWallet.Domain.csproj", "{86E97279-12E0-4BEC-BB05-5FE5E1DA774F}"
EndProject
Project("{FAE04EC0-301F-11D3-BF4B-00C04F79EFBC}") = "WebWallet.Application", "src\WebWallet.Application\WebWallet.Application.csproj", "{A44D7039-7F70-41E0-959E-59034D803940}"
EndProject
Global
	GlobalSection(SolutionConfigurationPlatforms) = preSolution
		Debug|Any CPU = Debug|Any CPU
		Debug|x64 = Debug|x64
		Debug|x86 = Debug|x86
		Release|Any CPU = Release|Any CPU
		Release|x64 = Release|x64
		Release|x86 = Release|x86
	EndGlobalSection
	GlobalSection(SolutionProperties) = preSolution
		HideSolutionNode = FALSE
	EndGlobalSection
	GlobalSection(ProjectConfigurationPlatforms) = postSolution
		{CB232F9A-0E5E-4DE9-BB47-636650AA66D0}.Debug|Any CPU.ActiveCfg = Debug|Any CPU
		{CB232F9A-0E5E-4DE9-BB47-636650AA66D0}.Debug|Any CPU.Build.0 = Debug|Any CPU
		{CB232F9A-0E5E-4DE9-BB47-636650AA66D0}.Debug|x64.ActiveCfg = Debug|Any CPU
		{CB232F9A-0E5E-4DE9-BB47-636650AA66D0}.Debug|x64.Build.0 = Debug|Any CPU
		{CB232F9A-0E5E-4DE9-BB47-636650AA66D0}.Debug|x86.ActiveCfg = Debug|Any CPU
		{CB232F9A-0E5E-4DE9-BB47-636650AA66D0}.Debug|x86.Build.0 = Debug|Any CPU
		{CB232F9A-0E5E-4DE9-BB47-636650AA66D0}.Release|Any CPU.ActiveCfg = Release|Any CPU
		{CB232F9A-0E5E-4DE9-BB47-636650AA66D0}.Release|Any CPU.Build.0 = Release|Any CPU
		{CB232F9A-0E5E-4DE9-BB47-636650AA66D0}.Release|x64.ActiveCfg = Release|Any CPU
		{CB232F9A-0E5E-4DE9-BB47-636650AA66D0}.Release|x64.Build.0 = Release|Any CPU
		{CB232F9A-0E5E-4DE9-BB47-636650AA66D0}.Release|x86.ActiveCfg = Release|Any CPU
		{CB232F9A-0E5E-4DE9-BB47-636650AA66D0}.Release|x86.Build.0 = Release|Any CPU
		{D34A61E6-3783-42A0-944C-8404E89178C7}.Debug|Any CPU.ActiveCfg = Debug|Any CPU
		{D34A61E6-3783-42A0-944C-8404E89178C7}.Debug|Any CPU.Build.0 = Debug|Any CPU
		{D34A61E6-3783-42A0-944C-8404E89178C7}.Debug|x64.ActiveCfg = Debug|Any CPU
		{D34A61E6-3783-42A0-944C-8404E89178C7}.Debug|x64.Build.0 = Debug|Any CPU
		{D34A61E6-3783-42A0-944C-8404E89178C7}.Debug|x86.ActiveCfg = Debug|Any CPU
		{D34A61E6-3783-42A0-944C-8404E89178C7}.Debug|x86.Build.0 = Debug|Any CPU
		{D34A61E6-3783-42A0-944C-8404E89178C7}.Release|Any CPU.ActiveCfg = Release|Any CPU
		{D34A61E6-3783-42A0-944C-8404E89178C7}.Release|Any CPU.Build.0 = Release|Any CPU
		{D34A61E6-3783-42A0-944C-8404E89178C7}.Release|x64.ActiveCfg = Release|Any CPU
		{D34A61E6-3783-42A0-944C-8404E89178C7}.Release|x64.Build.0 = Release|Any CPU
		{D34A61E6-3783-42A0-944C-8404E89178C7}.Release|x86.ActiveCfg = Release|Any CPU
		{D34A61E6-3783-42A0-944C-8404E89178C7}.Release|x86.Build.0 = Release|Any CPU
		{86E97279-12E0-4BEC-BB05-5FE5E1DA774F}.Debug|Any CPU.ActiveCfg = Debug|Any CPU
		{86E97279-12E0-4BEC-BB05-5FE5E1DA774F}.Debug|Any CPU.Build.0 = Debug|Any CPU
		{86E97279-12E0-4BEC-BB05-5FE5E1DA774F}.Debug|x64.ActiveCfg = Debug|Any CPU
		{86E97279-12E0-4BEC-BB05-5FE5E1DA774F}.Debug|x64.Build.0 = Debug|Any CPU
		{86E97279-12E0-4BEC-BB05-5FE5E1DA774F}.Debug|x86.ActiveCfg = Debug|Any CPU
		{86E97279-12E0-4BEC-BB05-5FE5E1DA774F}.Debug|x86.Build.0 = Debug|Any CPU
		{86E97279-12E0-4BEC-BB05-5FE5E1DA774F}.Release|Any CPU.ActiveCfg = Release|Any CPU
		{86E97279-12E0-4BEC-BB05-5FE5E1DA774F}.Release|Any CPU.Build.0 = Release|Any CPU
		{86E97279-12E0-4BEC-BB05-5FE5E1DA774F}.Release|x64.ActiveCfg = Release|Any CPU
		{86E97279-12E0-4BEC-BB05-5FE5E1DA774F}.Release|x64.Build.0 = Release|Any CPU
		{86E97279-12E0-4BEC-BB05-5FE5E1DA774F}.Release|x86.ActiveCfg = Release|Any CPU
		{86E97279-12E0-4BEC-BB05-5FE5E1DA774F}.Release|x86.Build.0 = Release|Any CPU
		{A44D7039-7F70-41E0-959E-59034D803940}.Debug|Any CPU.ActiveCfg = Debug|Any CPU
		{A44D7039-7F70-41E0-959E-59034D803940}.Debug|Any CPU.Build.0 = Debug|Any CPU
		{A44D7039-7F70-41E0-959E-59034D803940}.Debug|x64.ActiveCfg = Debug|Any CPU
		{A44D7039-7F70-41E0-959E-59034D803940}.Debug|x64.Build.0 = Debug|Any CPU
		{A44D7039-7F70-41E0-959E-59034D803940}.Debug|x86.ActiveCfg = Debug|Any CPU
		{A44D7039-7F70-41E0-959E-59034D803940}.Debug|x86.Build.0 = Debug|Any CPU
		{A44D7039-7F70-41E0-959E-59034D803940}.Release|Any CPU.ActiveCfg = Release|Any CPU
		{A44D7039-7F70-41E0-959E-59034D803940}.Release|Any CPU.Build.0 = Release|Any CPU
		{A44D7039-7F70-41E0-959E-59034D803940}.Release|x64.ActiveCfg = Release|Any CPU
		{A44D7039-7F70-41E0-959E-59034D803940}.Release|x64.Build.0 = Release|Any CPU
		{A44D7039-7F70-41E0-959E-59034D803940}.Release|x86.ActiveCfg = Release|Any CPU
		{A44D7039-7F70-41E0-959E-59034D803940}.Release|x86.Build.0 = Release|Any CPU
	EndGlobalSection
	GlobalSection(NestedProjects) = preSolution
		{CB232F9A-0E5E-4DE9-BB47-636650AA66D0} = {40CDF330-0E83-47BD-9428-7A2F72A5A5CD}
		{D34A61E6-3783-42A0-944C-8404E89178C7} = {40CDF330-0E83-47BD-9428-7A2F72A5A5CD}
		{86E97279-12E0-4BEC-BB05-5FE5E1DA774F} = {40CDF330-0E83-47BD-9428-7A2F72A5A5CD}
		{A44D7039-7F70-41E0-959E-59034D803940} = {40CDF330-0E83-47BD-9428-7A2F72A5A5CD}
	EndGlobalSection
EndGlobal
